
Microsoft Visual Studio Solution File, Format Version 12.00
# Visual Studio Version 16
VisualStudioVersion = 16.0.30406.217
MinimumVisualStudioVersion = 10.0.40219.1
Project("{8BC9CEB8-8B4A-11D0-8D11-00A0C91BC942}") = "Factorial_1", "Factorial_1\Factorial_1.vcxproj", "{A4EAAD36-392E-4812-87CF-0BB0BE624B61}"
EndProject
Global
	GlobalSection(SolutionConfigurationPlatforms) = preSolution
		Debug|x64 = Debug|x64
		Debug|x86 = Debug|x86
		Release|x64 = Release|x64
		Release|x86 = Release|x86
	EndGlobalSection
	GlobalSection(ProjectConfigurationPlatforms) = postSolution
		{A4EAAD36-392E-4812-87CF-0BB0BE624B61}.Debug|x64.ActiveCfg = Debug|x64
		{A4EAAD36-392E-4812-87CF-0BB0BE624B61}.Debug|x64.Build.0 = Debug|x64
		{A4EAAD36-392E-4812-87CF-0BB0BE624B61}.Debug|x86.ActiveCfg = Debug|Win32
		{A4EAAD36-392E-4812-87CF-0BB0BE624B61}.Debug|x86.Build.0 = Debug|Win32
		{A4EAAD36-392E-4812-87CF-0BB0BE624B61}.Release|x64.ActiveCfg = Release|x64
		{A4EAAD36-392E-4812-87CF-0BB0BE624B61}.Release|x64.Build.0 = Release|x64
		{A4EAAD36-392E-4812-87CF-0BB0BE624B61}.Release|x86.ActiveCfg = Release|Win32
		{A4EAAD36-392E-4812-87CF-0BB0BE624B61}.Release|x86.Build.0 = Release|Win32
	EndGlobalSection
	GlobalSection(SolutionProperties) = preSolution
		HideSolutionNode = FALSE
	EndGlobalSection
	GlobalSection(ExtensibilityGlobals) = postSolution
		SolutionGuid = {DCD40F1D-5308-4F49-A21B-EF673F1CDE1F}
	EndGlobalSection
EndGlobal
