
Microsoft Visual Studio Solution File, Format Version 12.00
# Visual Studio Version 16
VisualStudioVersion = 16.0.30413.136
MinimumVisualStudioVersion = 10.0.40219.1
Project("{8BC9CEB8-8B4A-11D0-8D11-00A0C91BC942}") = "Lab3_work1", "Lab3_work1\Lab3_work1.vcxproj", "{027B81B8-1F18-4618-A534-F8173D4FBA6A}"
EndProject
Global
	GlobalSection(SolutionConfigurationPlatforms) = preSolution
		Debug|x64 = Debug|x64
		Debug|x86 = Debug|x86
		Release|x64 = Release|x64
		Release|x86 = Release|x86
	EndGlobalSection
	GlobalSection(ProjectConfigurationPlatforms) = postSolution
		{027B81B8-1F18-4618-A534-F8173D4FBA6A}.Debug|x64.ActiveCfg = Debug|x64
		{027B81B8-1F18-4618-A534-F8173D4FBA6A}.Debug|x64.Build.0 = Debug|x64
		{027B81B8-1F18-4618-A534-F8173D4FBA6A}.Debug|x86.ActiveCfg = Debug|Win32
		{027B81B8-1F18-4618-A534-F8173D4FBA6A}.Debug|x86.Build.0 = Debug|Win32
		{027B81B8-1F18-4618-A534-F8173D4FBA6A}.Release|x64.ActiveCfg = Release|x64
		{027B81B8-1F18-4618-A534-F8173D4FBA6A}.Release|x64.Build.0 = Release|x64
		{027B81B8-1F18-4618-A534-F8173D4FBA6A}.Release|x86.ActiveCfg = Release|Win32
		{027B81B8-1F18-4618-A534-F8173D4FBA6A}.Release|x86.Build.0 = Release|Win32
	EndGlobalSection
	GlobalSection(SolutionProperties) = preSolution
		HideSolutionNode = FALSE
	EndGlobalSection
	GlobalSection(ExtensibilityGlobals) = postSolution
		SolutionGuid = {9E47E48A-FDE3-47C2-8041-40E2A6D884AD}
	EndGlobalSection
EndGlobal
